
Microsoft Visual Studio Solution File, Format Version 12.00
Project("{FAE04EC0-301F-11D3-BF4B-00C04F79EFBC}") = "win-isbn", "win-isbn\win-isbn.csproj", "{EA88A81C-67CE-4D62-BEAD-B82744DFFFFA}"
EndProject
Project("{FAE04EC0-301F-11D3-BF4B-00C04F79EFBC}") = "win-isbn.Tests", "win-isbn.Tests\win-isbn.Tests.csproj", "{A1D22AEE-F4F1-4244-9A64-6041B261E927}"
EndProject
Global
	GlobalSection(SolutionConfigurationPlatforms) = preSolution
		Debug|Any CPU = Debug|Any CPU
		Release|Any CPU = Release|Any CPU
	EndGlobalSection
	GlobalSection(ProjectConfigurationPlatforms) = postSolution
		{EA88A81C-67CE-4D62-BEAD-B82744DFFFFA}.Debug|Any CPU.ActiveCfg = Debug|Any CPU
		{EA88A81C-67CE-4D62-BEAD-B82744DFFFFA}.Debug|Any CPU.Build.0 = Debug|Any CPU
		{EA88A81C-67CE-4D62-BEAD-B82744DFFFFA}.Release|Any CPU.ActiveCfg = Release|Any CPU
		{EA88A81C-67CE-4D62-BEAD-B82744DFFFFA}.Release|Any CPU.Build.0 = Release|Any CPU
		{A1D22AEE-F4F1-4244-9A64-6041B261E927}.Debug|Any CPU.ActiveCfg = Debug|Any CPU
		{A1D22AEE-F4F1-4244-9A64-6041B261E927}.Debug|Any CPU.Build.0 = Debug|Any CPU
		{A1D22AEE-F4F1-4244-9A64-6041B261E927}.Release|Any CPU.ActiveCfg = Release|Any CPU
		{A1D22AEE-F4F1-4244-9A64-6041B261E927}.Release|Any CPU.Build.0 = Release|Any CPU
	EndGlobalSection
EndGlobal
